// !$*UTF8*$!
{
	archiveVersion = 1;
	classes = {
	};
	objectVersion = 56;
	objects = {

/* Begin PBXBuildFile section */
		AC4ACFB12D7F8EE90041AD7F /* AppDelegate.swift in Sources */ = {isa = PBXBuildFile; fileRef = AC4ACFB02D7F8EE90041AD7F /* AppDelegate.swift */; };
		AC4ACFB32D7F8EE90041AD7F /* SceneDelegate.swift in Sources */ = {isa = PBXBuildFile; fileRef = AC4ACFB22D7F8EE90041AD7F /* SceneDelegate.swift */; };
		AC4ACFB82D7F8EE90041AD7F /* Base in Resources */ = {isa = PBXBuildFile; fileRef = AC4ACFB72D7F8EE90041AD7F /* Base */; };
		AC4ACFBB2D7F8EE90041AD7F /* QRCard.xcdatamodeld in Sources */ = {isa = PBXBuildFile; fileRef = AC4ACFB92D7F8EE90041AD7F /* QRCard.xcdatamodeld */; };
		AC4ACFBD2D7F8EEB0041AD7F /* Assets.xcassets in Resources */ = {isa = PBXBuildFile; fileRef = AC4ACFBC2D7F8EEB0041AD7F /* Assets.xcassets */; };
		AC4ACFC02D7F8EEB0041AD7F /* Base in Resources */ = {isa = PBXBuildFile; fileRef = AC4ACFBF2D7F8EEB0041AD7F /* Base */; };
		AC4ACFC82D7F93E00041AD7F /* QRScannerViewController.swift in Sources */ = {isa = PBXBuildFile; fileRef = AC4ACFC72D7F93E00041AD7F /* QRScannerViewController.swift */; };
		AC4ACFCA2D7F940E0041AD7F /* ViewController.swift in Sources */ = {isa = PBXBuildFile; fileRef = AC4ACFC92D7F940E0041AD7F /* ViewController.swift */; };
/* End PBXBuildFile section */

/* Begin PBXFileReference section */
		AC4ACFAD2D7F8EE90041AD7F /* QRCard.app */ = {isa = PBXFileReference; explicitFileType = wrapper.application; includeInIndex = 0; path = QRCard.app; sourceTree = BUILT_PRODUCTS_DIR; };
		AC4ACFB02D7F8EE90041AD7F /* AppDelegate.swift */ = {isa = PBXFileReference; lastKnownFileType = sourcecode.swift; path = AppDelegate.swift; sourceTree = "<group>"; };
		AC4ACFB22D7F8EE90041AD7F /* SceneDelegate.swift */ = {isa = PBXFileReference; lastKnownFileType = sourcecode.swift; path = SceneDelegate.swift; sourceTree = "<group>"; };
		AC4ACFB72D7F8EE90041AD7F /* Base */ = {isa = PBXFileReference; lastKnownFileType = file.storyboard; name = Base; path = Base.lproj/Main.storyboard; sourceTree = "<group>"; };
		AC4ACFBA2D7F8EE90041AD7F /* QRCard.xcdatamodel */ = {isa = PBXFileReference; lastKnownFileType = wrapper.xcdatamodel; path = QRCard.xcdatamodel; sourceTree = "<group>"; };
		AC4ACFBC2D7F8EEB0041AD7F /* Assets.xcassets */ = {isa = PBXFileReference; lastKnownFileType = folder.assetcatalog; path = Assets.xcassets; sourceTree = "<group>"; };
		AC4ACFBF2D7F8EEB0041AD7F /* Base */ = {isa = PBXFileReference; lastKnownFileType = file.storyboard; name = Base; path = Base.lproj/LaunchScreen.storyboard; sourceTree = "<group>"; };
		AC4ACFC12D7F8EEB0041AD7F /* Info.plist */ = {isa = PBXFileReference; lastKnownFileType = text.plist.xml; path = Info.plist; sourceTree = "<group>"; };
		AC4ACFC72D7F93E00041AD7F /* QRScannerViewController.swift */ = {isa = PBXFileReference; lastKnownFileType = sourcecode.swift; path = QRScannerViewController.swift; sourceTree = "<group>"; };
		AC4ACFC92D7F940E0041AD7F /* ViewController.swift */ = {isa = PBXFileReference; lastKnownFileType = sourcecode.swift; path = ViewController.swift; sourceTree = "<group>"; };
/* End PBXFileReference section */

/* Begin PBXFrameworksBuildPhase section */
		AC4ACFAA2D7F8EE90041AD7F /* Frameworks */ = {
			isa = PBXFrameworksBuildPhase;
			buildActionMask = 2147483647;
			files = (
			);
			runOnlyForDeploymentPostprocessing = 0;
		};
/* End PBXFrameworksBuildPhase section */

/* Begin PBXGroup section */
		AC4ACFA42D7F8EE90041AD7F = {
			isa = PBXGroup;
			children = (
				AC4ACFAF2D7F8EE90041AD7F /* QRCard */,
				AC4ACFAE2D7F8EE90041AD7F /* Products */,
			);
			sourceTree = "<group>";
		};
		AC4ACFAE2D7F8EE90041AD7F /* Products */ = {
			isa = PBXGroup;
			children = (
				AC4ACFAD2D7F8EE90041AD7F /* QRCard.app */,
			);
			name = Products;
			sourceTree = "<group>";
		};
		AC4ACFAF2D7F8EE90041AD7F /* QRCard */ = {
			isa = PBXGroup;
			children = (
				AC4ACFB02D7F8EE90041AD7F /* AppDelegate.swift */,
				AC4ACFB22D7F8EE90041AD7F /* SceneDelegate.swift */,
				AC4ACFB62D7F8EE90041AD7F /* Main.storyboard */,
				AC4ACFBC2D7F8EEB0041AD7F /* Assets.xcassets */,
				AC4ACFBE2D7F8EEB0041AD7F /* LaunchScreen.storyboard */,
				AC4ACFC12D7F8EEB0041AD7F /* Info.plist */,
				AC4ACFB92D7F8EE90041AD7F /* QRCard.xcdatamodeld */,
				AC4ACFC72D7F93E00041AD7F /* QRScannerViewController.swift */,
				AC4ACFC92D7F940E0041AD7F /* ViewController.swift */,
			);
			path = QRCard;
			sourceTree = "<group>";
		};
/* End PBXGroup section */

/* Begin PBXNativeTarget section */
		AC4ACFAC2D7F8EE90041AD7F /* QRCard */ = {
			isa = PBXNativeTarget;
			buildConfigurationList = AC4ACFC42D7F8EEB0041AD7F /* Build configuration list for PBXNativeTarget "QRCard" */;
			buildPhases = (
				AC4ACFA92D7F8EE90041AD7F /* Sources */,
				AC4ACFAA2D7F8EE90041AD7F /* Frameworks */,
				AC4ACFAB2D7F8EE90041AD7F /* Resources */,
			);
			buildRules = (
			);
			dependencies = (
			);
			name = QRCard;
			productName = QRCard;
			productReference = AC4ACFAD2D7F8EE90041AD7F /* QRCard.app */;
			productType = "com.apple.product-type.application";
		};
/* End PBXNativeTarget section */

/* Begin PBXProject section */
		AC4ACFA52D7F8EE90041AD7F /* Project object */ = {
			isa = PBXProject;
			attributes = {
				BuildIndependentTargetsInParallel = 1;
				LastSwiftUpdateCheck = 1530;
				LastUpgradeCheck = 1530;
				TargetAttributes = {
					AC4ACFAC2D7F8EE90041AD7F = {
						CreatedOnToolsVersion = 15.3;
					};
				};
			};
			buildConfigurationList = AC4ACFA82D7F8EE90041AD7F /* Build configuration list for PBXProject "QRCard" */;
			compatibilityVersion = "Xcode 14.0";
			developmentRegion = en;
			hasScannedForEncodings = 0;
			knownRegions = (
				en,
				Base,
			);
			mainGroup = AC4ACFA42D7F8EE90041AD7F;
			productRefGroup = AC4ACFAE2D7F8EE90041AD7F /* Products */;
			projectDirPath = "";
			projectRoot = "";
			targets = (
				AC4ACFAC2D7F8EE90041AD7F /* QRCard */,
			);
		};
/* End PBXProject section */

/* Begin PBXResourcesBuildPhase section */
		AC4ACFAB2D7F8EE90041AD7F /* Resources */ = {
			isa = PBXResourcesBuildPhase;
			buildActionMask = 2147483647;
			files = (
				AC4ACFBD2D7F8EEB0041AD7F /* Assets.xcassets in Resources */,
				AC4ACFC02D7F8EEB0041AD7F /* Base in Resources */,
				AC4ACFB82D7F8EE90041AD7F /* Base in Resources */,
			);
			runOnlyForDeploymentPostprocessing = 0;
		};
/* End PBXResourcesBuildPhase section */

/* Begin PBXSourcesBuildPhase section */
		AC4ACFA92D7F8EE90041AD7F /* Sources */ = {
			isa = PBXSourcesBuildPhase;
			buildActionMask = 2147483647;
			files = (
				AC4ACFCA2D7F940E0041AD7F /* ViewController.swift in Sources */,
				AC4ACFC82D7F93E00041AD7F /* QRScannerViewController.swift in Sources */,
				AC4ACFBB2D7F8EE90041AD7F /* QRCard.xcdatamodeld in Sources */,
				AC4ACFB12D7F8EE90041AD7F /* AppDelegate.swift in Sources */,
				AC4ACFB32D7F8EE90041AD7F /* SceneDelegate.swift in Sources */,
			);
			runOnlyForDeploymentPostprocessing = 0;
		};
/* End PBXSourcesBuildPhase section */

/* Begin PBXVariantGroup section */
		AC4ACFB62D7F8EE90041AD7F /* Main.storyboard */ = {
			isa = PBXVariantGroup;
			children = (
				AC4ACFB72D7F8EE90041AD7F /* Base */,
			);
			name = Main.storyboard;
			sourceTree = "<group>";
		};
		AC4ACFBE2D7F8EEB0041AD7F /* LaunchScreen.storyboard */ = {
			isa = PBXVariantGroup;
			children = (
				AC4ACFBF2D7F8EEB0041AD7F /* Base */,
			);
			name = LaunchScreen.storyboard;
			sourceTree = "<group>";
		};
/* End PBXVariantGroup section */

/* Begin XCBuildConfiguration section */
		AC4ACFC22D7F8EEB0041AD7F /* Debug */ = {
			isa = XCBuildConfiguration;
			buildSettings = {
				ALWAYS_SEARCH_USER_PATHS = NO;
				ASSETCATALOG_COMPILER_GENERATE_SWIFT_ASSET_SYMBOL_EXTENSIONS = YES;
				CLANG_ANALYZER_NONNULL = YES;
				CLANG_ANALYZER_NUMBER_OBJECT_CONVERSION = YES_AGGRESSIVE;
				CLANG_CXX_LANGUAGE_STANDARD = "gnu++20";
				CLANG_ENABLE_MODULES = YES;
				CLANG_ENABLE_OBJC_ARC = YES;
				CLANG_ENABLE_OBJC_WEAK = YES;
				CLANG_WARN_BLOCK_CAPTURE_AUTORELEASING = YES;
				CLANG_WARN_BOOL_CONVERSION = YES;
				CLANG_WARN_COMMA = YES;
				CLANG_WARN_CONSTANT_CONVERSION = YES;
				CLANG_WARN_DEPRECATED_OBJC_IMPLEMENTATIONS = YES;
				CLANG_WARN_DIRECT_OBJC_ISA_USAGE = YES_ERROR;
				CLANG_WARN_DOCUMENTATION_COMMENTS = YES;
				CLANG_WARN_EMPTY_BODY = YES;
				CLANG_WARN_ENUM_CONVERSION = YES;
				CLANG_WARN_INFINITE_RECURSION = YES;
				CLANG_WARN_INT_CONVERSION = YES;
				CLANG_WARN_NON_LITERAL_NULL_CONVERSION = YES;
				CLANG_WARN_OBJC_IMPLICIT_RETAIN_SELF = YES;
				CLANG_WARN_OBJC_LITERAL_CONVERSION = YES;
				CLANG_WARN_OBJC_ROOT_CLASS = YES_ERROR;
				CLANG_WARN_QUOTED_INCLUDE_IN_FRAMEWORK_HEADER = YES;
				CLANG_WARN_RANGE_LOOP_ANALYSIS = YES;
				CLANG_WARN_STRICT_PROTOTYPES = YES;
				CLANG_WARN_SUSPICIOUS_MOVE = YES;
				CLANG_WARN_UNGUARDED_AVAILABILITY = YES_AGGRESSIVE;
				CLANG_WARN_UNREACHABLE_CODE = YES;
				CLANG_WARN__DUPLICATE_METHOD_MATCH = YES;
				COPY_PHASE_STRIP = NO;
				DEBUG_INFORMATION_FORMAT = dwarf;
				ENABLE_STRICT_OBJC_MSGSEND = YES;
				ENABLE_TESTABILITY = YES;
				ENABLE_USER_SCRIPT_SANDBOXING = YES;
				GCC_C_LANGUAGE_STANDARD = gnu17;
				GCC_DYNAMIC_NO_PIC = NO;
				GCC_NO_COMMON_BLOCKS = YES;
				GCC_OPTIMIZATION_LEVEL = 0;
				GCC_PREPROCESSOR_DEFINITIONS = (
					"DEBUG=1",
					"$(inherited)",
				);
				GCC_WARN_64_TO_32_BIT_CONVERSION = YES;
				GCC_WARN_ABOUT_RETURN_TYPE = YES_ERROR;
				GCC_WARN_UNDECLARED_SELECTOR = YES;
				GCC_WARN_UNINITIALIZED_AUTOS = YES_AGGRESSIVE;
				GCC_WARN_UNUSED_FUNCTION = YES;
				GCC_WARN_UNUSED_VARIABLE = YES;
				IPHONEOS_DEPLOYMENT_TARGET = 17.4;
				LOCALIZATION_PREFERS_STRING_CATALOGS = YES;
				MTL_ENABLE_DEBUG_INFO = INCLUDE_SOURCE;
				MTL_FAST_MATH = YES;
				ONLY_ACTIVE_ARCH = YES;
				SDKROOT = iphoneos;
				SWIFT_ACTIVE_COMPILATION_CONDITIONS = "DEBUG $(inherited)";
				SWIFT_OPTIMIZATION_LEVEL = "-Onone";
			};
			name = Debug;
		};
		AC4ACFC32D7F8EEB0041AD7F /* Release */ = {
			isa = XCBuildConfiguration;
			buildSettings = {
				ALWAYS_SEARCH_USER_PATHS = NO;
				ASSETCATALOG_COMPILER_GENERATE_SWIFT_ASSET_SYMBOL_EXTENSIONS = YES;
				CLANG_ANALYZER_NONNULL = YES;
				CLANG_ANALYZER_NUMBER_OBJECT_CONVERSION = YES_AGGRESSIVE;
				CLANG_CXX_LANGUAGE_STANDARD = "gnu++20";
				CLANG_ENABLE_MODULES = YES;
				CLANG_ENABLE_OBJC_ARC = YES;
				CLANG_ENABLE_OBJC_WEAK = YES;
				CLANG_WARN_BLOCK_CAPTURE_AUTORELEASING = YES;
				CLANG_WARN_BOOL_CONVERSION = YES;
				CLANG_WARN_COMMA = YES;
				CLANG_WARN_CONSTANT_CONVERSION = YES;
				CLANG_WARN_DEPRECATED_OBJC_IMPLEMENTATIONS = YES;
				CLANG_WARN_DIRECT_OBJC_ISA_USAGE = YES_ERROR;
				CLANG_WARN_DOCUMENTATION_COMMENTS = YES;
				CLANG_WARN_EMPTY_BODY = YES;
				CLANG_WARN_ENUM_CONVERSION = YES;
				CLANG_WARN_INFINITE_RECURSION = YES;
				CLANG_WARN_INT_CONVERSION = YES;
				CLANG_WARN_NON_LITERAL_NULL_CONVERSION = YES;
				CLANG_WARN_OBJC_IMPLICIT_RETAIN_SELF = YES;
				CLANG_WARN_OBJC_LITERAL_CONVERSION = YES;
				CLANG_WARN_OBJC_ROOT_CLASS = YES_ERROR;
				CLANG_WARN_QUOTED_INCLUDE_IN_FRAMEWORK_HEADER = YES;
				CLANG_WARN_RANGE_LOOP_ANALYSIS = YES;
				CLANG_WARN_STRICT_PROTOTYPES = YES;
				CLANG_WARN_SUSPICIOUS_MOVE = YES;
				CLANG_WARN_UNGUARDED_AVAILABILITY = YES_AGGRESSIVE;
				CLANG_WARN_UNREACHABLE_CODE = YES;
				CLANG_WARN__DUPLICATE_METHOD_MATCH = YES;
				COPY_PHASE_STRIP = NO;
				DEBUG_INFORMATION_FORMAT = "dwarf-with-dsym";
				ENABLE_NS_ASSERTIONS = NO;
				ENABLE_STRICT_OBJC_MSGSEND = YES;
				ENABLE_USER_SCRIPT_SANDBOXING = YES;
				GCC_C_LANGUAGE_STANDARD = gnu17;
				GCC_NO_COMMON_BLOCKS = YES;
				GCC_WARN_64_TO_32_BIT_CONVERSION = YES;
				GCC_WARN_ABOUT_RETURN_TYPE = YES_ERROR;
				GCC_WARN_UNDECLARED_SELECTOR = YES;
				GCC_WARN_UNINITIALIZED_AUTOS = YES_AGGRESSIVE;
				GCC_WARN_UNUSED_FUNCTION = YES;
				GCC_WARN_UNUSED_VARIABLE = YES;
				IPHONEOS_DEPLOYMENT_TARGET = 17.4;
				LOCALIZATION_PREFERS_STRING_CATALOGS = YES;
				MTL_ENABLE_DEBUG_INFO = NO;
				MTL_FAST_MATH = YES;
				SDKROOT = iphoneos;
				SWIFT_COMPILATION_MODE = wholemodule;
				VALIDATE_PRODUCT = YES;
			};
			name = Release;
		};
		AC4ACFC52D7F8EEB0041AD7F /* Debug */ = {
			isa = XCBuildConfiguration;
			buildSettings = {
				ASSETCATALOG_COMPILER_APPICON_NAME = AppIcon;
				ASSETCATALOG_COMPILER_GLOBAL_ACCENT_COLOR_NAME = AccentColor;
				CODE_SIGN_STYLE = Automatic;
				CURRENT_PROJECT_VERSION = 1;
				GENERATE_INFOPLIST_FILE = YES;
				INFOPLIST_FILE = QRCard/Info.plist;
				INFOPLIST_KEY_UIApplicationSupportsIndirectInputEvents = YES;
				INFOPLIST_KEY_UILaunchStoryboardName = LaunchScreen;
				INFOPLIST_KEY_UIMainStoryboardFile = Main;
				INFOPLIST_KEY_UISupportedInterfaceOrientations_iPad = "UIInterfaceOrientationPortrait UIInterfaceOrientationPortraitUpsideDown UIInterfaceOrientationLandscapeLeft UIInterfaceOrientationLandscapeRight";
				INFOPLIST_KEY_UISupportedInterfaceOrientations_iPhone = "UIInterfaceOrientationPortrait UIInterfaceOrientationLandscapeLeft UIInterfaceOrientationLandscapeRight";
				LD_RUNPATH_SEARCH_PATHS = (
					"$(inherited)",
					"@executable_path/Frameworks",
				);
				MARKETING_VERSION = 1.0;
				PRODUCT_BUNDLE_IDENTIFIER = com.rabiasoylemez.QRCard;
				PRODUCT_NAME = "$(TARGET_NAME)";
				SWIFT_EMIT_LOC_STRINGS = YES;
				SWIFT_VERSION = 5.0;
				TARGETED_DEVICE_FAMILY = "1,2";
			};
			name = Debug;
		};
		AC4ACFC62D7F8EEB0041AD7F /* Release */ = {
			isa = XCBuildConfiguration;
			buildSettings = {
				ASSETCATALOG_COMPILER_APPICON_NAME = AppIcon;
				ASSETCATALOG_COMPILER_GLOBAL_ACCENT_COLOR_NAME = AccentColor;
				CODE_SIGN_STYLE = Automatic;
				CURRENT_PROJECT_VERSION = 1;
				GENERATE_INFOPLIST_FILE = YES;
				INFOPLIST_FILE = QRCard/Info.plist;
				INFOPLIST_KEY_UIApplicationSupportsIndirectInputEvents = YES;
				INFOPLIST_KEY_UILaunchStoryboardName = LaunchScreen;
				INFOPLIST_KEY_UIMainStoryboardFile = Main;
				INFOPLIST_KEY_UISupportedInterfaceOrientations_iPad = "UIInterfaceOrientationPortrait UIInterfaceOrientationPortraitUpsideDown UIInterfaceOrientationLandscapeLeft UIInterfaceOrientationLandscapeRight";
				INFOPLIST_KEY_UISupportedInterfaceOrientations_iPhone = "UIInterfaceOrientationPortrait UIInterfaceOrientationLandscapeLeft UIInterfaceOrientationLandscapeRight";
				LD_RUNPATH_SEARCH_PATHS = (
					"$(inherited)",
					"@executable_path/Frameworks",
				);
				MARKETING_VERSION = 1.0;
				PRODUCT_BUNDLE_IDENTIFIER = com.rabiasoylemez.QRCard;
				PRODUCT_NAME = "$(TARGET_NAME)";
				SWIFT_EMIT_LOC_STRINGS = YES;
				SWIFT_VERSION = 5.0;
				TARGETED_DEVICE_FAMILY = "1,2";
			};
			name = Release;
		};
/* End XCBuildConfiguration section */

/* Begin XCConfigurationList section */
		AC4ACFA82D7F8EE90041AD7F /* Build configuration list for PBXProject "QRCard" */ = {
			isa = XCConfigurationList;
			buildConfigurations = (
				AC4ACFC22D7F8EEB0041AD7F /* Debug */,
				AC4ACFC32D7F8EEB0041AD7F /* Release */,
			);
			defaultConfigurationIsVisible = 0;
			defaultConfigurationName = Release;
		};
		AC4ACFC42D7F8EEB0041AD7F /* Build configuration list for PBXNativeTarget "QRCard" */ = {
			isa = XCConfigurationList;
			buildConfigurations = (
				AC4ACFC52D7F8EEB0041AD7F /* Debug */,
				AC4ACFC62D7F8EEB0041AD7F /* Release */,
			);
			defaultConfigurationIsVisible = 0;
			defaultConfigurationName = Release;
		};
/* End XCConfigurationList section */

/* Begin XCVersionGroup section */
		AC4ACFB92D7F8EE90041AD7F /* QRCard.xcdatamodeld */ = {
			isa = XCVersionGroup;
			children = (
				AC4ACFBA2D7F8EE90041AD7F /* QRCard.xcdatamodel */,
			);
			currentVersion = AC4ACFBA2D7F8EE90041AD7F /* QRCard.xcdatamodel */;
			path = QRCard.xcdatamodeld;
			sourceTree = "<group>";
			versionGroupType = wrapper.xcdatamodel;
		};
/* End XCVersionGroup section */
	};
	rootObject = AC4ACFA52D7F8EE90041AD7F /* Project object */;
}
